
Microsoft Visual Studio Solution File, Format Version 12.00
# Visual Studio Version 17
VisualStudioVersion = 17.5.002.0
MinimumVisualStudioVersion = 10.0.40219.1
Project("{9A19103F-16F7-4668-BE54-9A1E7A4F7556}") = "webapi", "WebAPI\webapi.csproj", "{BCE73F80-F41A-438F-A793-2893C1A9861C}"
EndProject
Global
	GlobalSection(SolutionConfigurationPlatforms) = preSolution
		Debug|Any CPU = Debug|Any CPU
		Release|Any CPU = Release|Any CPU
	EndGlobalSection
	GlobalSection(ProjectConfigurationPlatforms) = postSolution
		{BCE73F80-F41A-438F-A793-2893C1A9861C}.Debug|Any CPU.ActiveCfg = Debug|Any CPU
		{BCE73F80-F41A-438F-A793-2893C1A9861C}.Debug|Any CPU.Build.0 = Debug|Any CPU
		{BCE73F80-F41A-438F-A793-2893C1A9861C}.Release|Any CPU.ActiveCfg = Release|Any CPU
		{BCE73F80-F41A-438F-A793-2893C1A9861C}.Release|Any CPU.Build.0 = Release|Any CPU
	EndGlobalSection
	GlobalSection(SolutionProperties) = preSolution
		HideSolutionNode = FALSE
	EndGlobalSection
	GlobalSection(ExtensibilityGlobals) = postSolution
		SolutionGuid = {03A0CD1D-6BB5-4871-82C6-8CCC4FDFBCA0}
	EndGlobalSection
EndGlobal
